// !$*UTF8*$!
{
	archiveVersion = 1;
	classes = {
	};
	objectVersion = 46;
	objects = {

/* Begin PBXBuildFile section */
		2113B33B1DDA921B0036735B /* GetStartedPageViewController.swift in Sources */ = {isa = PBXBuildFile; fileRef = 2113B33A1DDA921B0036735B /* GetStartedPageViewController.swift */; };
		211C6BAA1DC80B930060A6F6 /* AppDelegate.swift in Sources */ = {isa = PBXBuildFile; fileRef = 211C6BA91DC80B930060A6F6 /* AppDelegate.swift */; };
		211C6BAC1DC80B930060A6F6 /* GetStartedViewController.swift in Sources */ = {isa = PBXBuildFile; fileRef = 211C6BAB1DC80B930060A6F6 /* GetStartedViewController.swift */; };
		211C6BAF1DC80B930060A6F6 /* Main.storyboard in Resources */ = {isa = PBXBuildFile; fileRef = 211C6BAD1DC80B930060A6F6 /* Main.storyboard */; };
		211C6BB11DC80B930060A6F6 /* Assets.xcassets in Resources */ = {isa = PBXBuildFile; fileRef = 211C6BB01DC80B930060A6F6 /* Assets.xcassets */; };
		211C6BB41DC80B930060A6F6 /* LaunchScreen.storyboard in Resources */ = {isa = PBXBuildFile; fileRef = 211C6BB21DC80B930060A6F6 /* LaunchScreen.storyboard */; };
		2127BB291DC959C700D4F04D /* IncomeViewController.swift in Sources */ = {isa = PBXBuildFile; fileRef = 2127BB281DC959C700D4F04D /* IncomeViewController.swift */; };
		2127BB2B1DCAAB0800D4F04D /* Extensions.swift in Sources */ = {isa = PBXBuildFile; fileRef = 2127BB2A1DCAAB0800D4F04D /* Extensions.swift */; };
		219019311DE8C49300920138 /* VariableExpensesTableViewController.swift in Sources */ = {isa = PBXBuildFile; fileRef = 219019301DE8C49300920138 /* VariableExpensesTableViewController.swift */; };
		219019331DEA9E0300920138 /* EditIncomeTableViewController.swift in Sources */ = {isa = PBXBuildFile; fileRef = 219019321DEA9E0300920138 /* EditIncomeTableViewController.swift */; };
		219019351DEAA9EB00920138 /* EditExpensesTableViewController.swift in Sources */ = {isa = PBXBuildFile; fileRef = 219019341DEAA9EB00920138 /* EditExpensesTableViewController.swift */; };
		219019371DEB985500920138 /* StatementTableViewController.swift in Sources */ = {isa = PBXBuildFile; fileRef = 219019361DEB985500920138 /* StatementTableViewController.swift */; };
		219019391DEB9B4D00920138 /* StatementLineItemTableViewCell.swift in Sources */ = {isa = PBXBuildFile; fileRef = 219019381DEB9B4D00920138 /* StatementLineItemTableViewCell.swift */; };
		21A234DA1DE4F1ED00B1A177 /* TopNavigationBreadcrumbView.swift in Sources */ = {isa = PBXBuildFile; fileRef = 21A234D91DE4F1ED00B1A177 /* TopNavigationBreadcrumbView.swift */; };
		21A234DC1DE50DE200B1A177 /* TitleView.swift in Sources */ = {isa = PBXBuildFile; fileRef = 21A234DB1DE50DE200B1A177 /* TitleView.swift */; };
		21A234DE1DE5112E00B1A177 /* BudgetLineItemView.swift in Sources */ = {isa = PBXBuildFile; fileRef = 21A234DD1DE5112E00B1A177 /* BudgetLineItemView.swift */; };
		21A234E11DE51FC900B1A177 /* BottomNavigationView.swift in Sources */ = {isa = PBXBuildFile; fileRef = 21A234E01DE51FC900B1A177 /* BottomNavigationView.swift */; };
		21A234E31DE7FC8000B1A177 /* LineItemTableViewCell.swift in Sources */ = {isa = PBXBuildFile; fileRef = 21A234E21DE7FC8000B1A177 /* LineItemTableViewCell.swift */; };
		21DF8CD81DDD1BB700310A9F /* FixedExpensesTableViewController.swift in Sources */ = {isa = PBXBuildFile; fileRef = 21DF8CD71DDD1BB700310A9F /* FixedExpensesTableViewController.swift */; };
/* End PBXBuildFile section */

/* Begin PBXFileReference section */
		2113B33A1DDA921B0036735B /* GetStartedPageViewController.swift */ = {isa = PBXFileReference; fileEncoding = 4; lastKnownFileType = sourcecode.swift; path = GetStartedPageViewController.swift; sourceTree = "<group>"; };
		211C6BA61DC80B930060A6F6 /* budgeting.app */ = {isa = PBXFileReference; explicitFileType = wrapper.application; includeInIndex = 0; path = budgeting.app; sourceTree = BUILT_PRODUCTS_DIR; };
		211C6BA91DC80B930060A6F6 /* AppDelegate.swift */ = {isa = PBXFileReference; lastKnownFileType = sourcecode.swift; path = AppDelegate.swift; sourceTree = "<group>"; };
		211C6BAB1DC80B930060A6F6 /* GetStartedViewController.swift */ = {isa = PBXFileReference; lastKnownFileType = sourcecode.swift; path = GetStartedViewController.swift; sourceTree = "<group>"; };
		211C6BAE1DC80B930060A6F6 /* Base */ = {isa = PBXFileReference; lastKnownFileType = file.storyboard; name = Base; path = Base.lproj/Main.storyboard; sourceTree = "<group>"; };
		211C6BB01DC80B930060A6F6 /* Assets.xcassets */ = {isa = PBXFileReference; lastKnownFileType = folder.assetcatalog; path = Assets.xcassets; sourceTree = "<group>"; };
		211C6BB31DC80B930060A6F6 /* Base */ = {isa = PBXFileReference; lastKnownFileType = file.storyboard; name = Base; path = Base.lproj/LaunchScreen.storyboard; sourceTree = "<group>"; };
		211C6BB51DC80B930060A6F6 /* Info.plist */ = {isa = PBXFileReference; lastKnownFileType = text.plist.xml; path = Info.plist; sourceTree = "<group>"; };
		2127BB281DC959C700D4F04D /* IncomeViewController.swift */ = {isa = PBXFileReference; fileEncoding = 4; lastKnownFileType = sourcecode.swift; path = IncomeViewController.swift; sourceTree = "<group>"; };
		2127BB2A1DCAAB0800D4F04D /* Extensions.swift */ = {isa = PBXFileReference; fileEncoding = 4; lastKnownFileType = sourcecode.swift; path = Extensions.swift; sourceTree = "<group>"; };
		219019301DE8C49300920138 /* VariableExpensesTableViewController.swift */ = {isa = PBXFileReference; fileEncoding = 4; lastKnownFileType = sourcecode.swift; path = VariableExpensesTableViewController.swift; sourceTree = "<group>"; };
		219019321DEA9E0300920138 /* EditIncomeTableViewController.swift */ = {isa = PBXFileReference; fileEncoding = 4; lastKnownFileType = sourcecode.swift; path = EditIncomeTableViewController.swift; sourceTree = "<group>"; };
		219019341DEAA9EB00920138 /* EditExpensesTableViewController.swift */ = {isa = PBXFileReference; fileEncoding = 4; lastKnownFileType = sourcecode.swift; path = EditExpensesTableViewController.swift; sourceTree = "<group>"; };
		219019361DEB985500920138 /* StatementTableViewController.swift */ = {isa = PBXFileReference; fileEncoding = 4; lastKnownFileType = sourcecode.swift; path = StatementTableViewController.swift; sourceTree = "<group>"; };
		219019381DEB9B4D00920138 /* StatementLineItemTableViewCell.swift */ = {isa = PBXFileReference; fileEncoding = 4; lastKnownFileType = sourcecode.swift; path = StatementLineItemTableViewCell.swift; sourceTree = "<group>"; };
		21A234D91DE4F1ED00B1A177 /* TopNavigationBreadcrumbView.swift */ = {isa = PBXFileReference; fileEncoding = 4; lastKnownFileType = sourcecode.swift; path = TopNavigationBreadcrumbView.swift; sourceTree = "<group>"; };
		21A234DB1DE50DE200B1A177 /* TitleView.swift */ = {isa = PBXFileReference; fileEncoding = 4; lastKnownFileType = sourcecode.swift; path = TitleView.swift; sourceTree = "<group>"; };
		21A234DD1DE5112E00B1A177 /* BudgetLineItemView.swift */ = {isa = PBXFileReference; fileEncoding = 4; lastKnownFileType = sourcecode.swift; path = BudgetLineItemView.swift; sourceTree = "<group>"; };
		21A234E01DE51FC900B1A177 /* BottomNavigationView.swift */ = {isa = PBXFileReference; fileEncoding = 4; lastKnownFileType = sourcecode.swift; path = BottomNavigationView.swift; sourceTree = "<group>"; };
		21A234E21DE7FC8000B1A177 /* LineItemTableViewCell.swift */ = {isa = PBXFileReference; fileEncoding = 4; lastKnownFileType = sourcecode.swift; path = LineItemTableViewCell.swift; sourceTree = "<group>"; };
		21DF8CD71DDD1BB700310A9F /* FixedExpensesTableViewController.swift */ = {isa = PBXFileReference; fileEncoding = 4; lastKnownFileType = sourcecode.swift; path = FixedExpensesTableViewController.swift; sourceTree = "<group>"; };
/* End PBXFileReference section */

/* Begin PBXFrameworksBuildPhase section */
		211C6BA31DC80B930060A6F6 /* Frameworks */ = {
			isa = PBXFrameworksBuildPhase;
			buildActionMask = 2147483647;
			files = (
			);
			runOnlyForDeploymentPostprocessing = 0;
		};
/* End PBXFrameworksBuildPhase section */

/* Begin PBXGroup section */
		211C6B9D1DC80B930060A6F6 = {
			isa = PBXGroup;
			children = (
				211C6BA81DC80B930060A6F6 /* budgeting */,
				211C6BA71DC80B930060A6F6 /* Products */,
			);
			sourceTree = "<group>";
		};
		211C6BA71DC80B930060A6F6 /* Products */ = {
			isa = PBXGroup;
			children = (
				211C6BA61DC80B930060A6F6 /* budgeting.app */,
			);
			name = Products;
			sourceTree = "<group>";
		};
		211C6BA81DC80B930060A6F6 /* budgeting */ = {
			isa = PBXGroup;
			children = (
				21A234DF1DE51F0E00B1A177 /* Views */,
				211C6BA91DC80B930060A6F6 /* AppDelegate.swift */,
				21A234E21DE7FC8000B1A177 /* LineItemTableViewCell.swift */,
				219019381DEB9B4D00920138 /* StatementLineItemTableViewCell.swift */,
				211C6BAB1DC80B930060A6F6 /* GetStartedViewController.swift */,
				2127BB281DC959C700D4F04D /* IncomeViewController.swift */,
				219019361DEB985500920138 /* StatementTableViewController.swift */,
				21DF8CD71DDD1BB700310A9F /* FixedExpensesTableViewController.swift */,
				219019321DEA9E0300920138 /* EditIncomeTableViewController.swift */,
				219019341DEAA9EB00920138 /* EditExpensesTableViewController.swift */,
				219019301DE8C49300920138 /* VariableExpensesTableViewController.swift */,
				2127BB2A1DCAAB0800D4F04D /* Extensions.swift */,
				2113B33A1DDA921B0036735B /* GetStartedPageViewController.swift */,
				211C6BB01DC80B930060A6F6 /* Assets.xcassets */,
				211C6BB21DC80B930060A6F6 /* LaunchScreen.storyboard */,
				211C6BB51DC80B930060A6F6 /* Info.plist */,
				211C6BAD1DC80B930060A6F6 /* Main.storyboard */,
			);
			path = budgeting;
			sourceTree = "<group>";
		};
		21A234DF1DE51F0E00B1A177 /* Views */ = {
			isa = PBXGroup;
			children = (
				21A234E01DE51FC900B1A177 /* BottomNavigationView.swift */,
				21A234D91DE4F1ED00B1A177 /* TopNavigationBreadcrumbView.swift */,
				21A234DD1DE5112E00B1A177 /* BudgetLineItemView.swift */,
				21A234DB1DE50DE200B1A177 /* TitleView.swift */,
			);
			name = Views;
			sourceTree = "<group>";
		};
/* End PBXGroup section */

/* Begin PBXNativeTarget section */
		211C6BA51DC80B930060A6F6 /* budgeting */ = {
			isa = PBXNativeTarget;
			buildConfigurationList = 211C6BB81DC80B930060A6F6 /* Build configuration list for PBXNativeTarget "budgeting" */;
			buildPhases = (
				211C6BA21DC80B930060A6F6 /* Sources */,
				211C6BA31DC80B930060A6F6 /* Frameworks */,
				211C6BA41DC80B930060A6F6 /* Resources */,
			);
			buildRules = (
			);
			dependencies = (
			);
			name = budgeting;
			productName = budgeting;
			productReference = 211C6BA61DC80B930060A6F6 /* budgeting.app */;
			productType = "com.apple.product-type.application";
		};
/* End PBXNativeTarget section */

/* Begin PBXProject section */
		211C6B9E1DC80B930060A6F6 /* Project object */ = {
			isa = PBXProject;
			attributes = {
				LastSwiftUpdateCheck = 0810;
				LastUpgradeCheck = 0810;
				ORGANIZATIONNAME = "Reality Church of Los Angeles";
				TargetAttributes = {
					211C6BA51DC80B930060A6F6 = {
						CreatedOnToolsVersion = 8.1;
						DevelopmentTeam = 5X797H77ZY;
						ProvisioningStyle = Automatic;
					};
				};
			};
			buildConfigurationList = 211C6BA11DC80B930060A6F6 /* Build configuration list for PBXProject "budgeting" */;
			compatibilityVersion = "Xcode 3.2";
			developmentRegion = English;
			hasScannedForEncodings = 0;
			knownRegions = (
				en,
				Base,
			);
			mainGroup = 211C6B9D1DC80B930060A6F6;
			productRefGroup = 211C6BA71DC80B930060A6F6 /* Products */;
			projectDirPath = "";
			projectRoot = "";
			targets = (
				211C6BA51DC80B930060A6F6 /* budgeting */,
			);
		};
/* End PBXProject section */

/* Begin PBXResourcesBuildPhase section */
		211C6BA41DC80B930060A6F6 /* Resources */ = {
			isa = PBXResourcesBuildPhase;
			buildActionMask = 2147483647;
			files = (
				211C6BB41DC80B930060A6F6 /* LaunchScreen.storyboard in Resources */,
				211C6BB11DC80B930060A6F6 /* Assets.xcassets in Resources */,
				211C6BAF1DC80B930060A6F6 /* Main.storyboard in Resources */,
			);
			runOnlyForDeploymentPostprocessing = 0;
		};
/* End PBXResourcesBuildPhase section */

/* Begin PBXSourcesBuildPhase section */
		211C6BA21DC80B930060A6F6 /* Sources */ = {
			isa = PBXSourcesBuildPhase;
			buildActionMask = 2147483647;
			files = (
				2127BB291DC959C700D4F04D /* IncomeViewController.swift in Sources */,
				2113B33B1DDA921B0036735B /* GetStartedPageViewController.swift in Sources */,
				219019331DEA9E0300920138 /* EditIncomeTableViewController.swift in Sources */,
				21A234E31DE7FC8000B1A177 /* LineItemTableViewCell.swift in Sources */,
				21A234DA1DE4F1ED00B1A177 /* TopNavigationBreadcrumbView.swift in Sources */,
				211C6BAC1DC80B930060A6F6 /* GetStartedViewController.swift in Sources */,
				219019351DEAA9EB00920138 /* EditExpensesTableViewController.swift in Sources */,
				21A234DC1DE50DE200B1A177 /* TitleView.swift in Sources */,
				21A234E11DE51FC900B1A177 /* BottomNavigationView.swift in Sources */,
				219019371DEB985500920138 /* StatementTableViewController.swift in Sources */,
				21DF8CD81DDD1BB700310A9F /* FixedExpensesTableViewController.swift in Sources */,
				219019311DE8C49300920138 /* VariableExpensesTableViewController.swift in Sources */,
				211C6BAA1DC80B930060A6F6 /* AppDelegate.swift in Sources */,
				21A234DE1DE5112E00B1A177 /* BudgetLineItemView.swift in Sources */,
				219019391DEB9B4D00920138 /* StatementLineItemTableViewCell.swift in Sources */,
				2127BB2B1DCAAB0800D4F04D /* Extensions.swift in Sources */,
			);
			runOnlyForDeploymentPostprocessing = 0;
		};
/* End PBXSourcesBuildPhase section */

/* Begin PBXVariantGroup section */
		211C6BAD1DC80B930060A6F6 /* Main.storyboard */ = {
			isa = PBXVariantGroup;
			children = (
				211C6BAE1DC80B930060A6F6 /* Base */,
			);
			name = Main.storyboard;
			sourceTree = "<group>";
		};
		211C6BB21DC80B930060A6F6 /* LaunchScreen.storyboard */ = {
			isa = PBXVariantGroup;
			children = (
				211C6BB31DC80B930060A6F6 /* Base */,
			);
			name = LaunchScreen.storyboard;
			sourceTree = "<group>";
		};
/* End PBXVariantGroup section */

/* Begin XCBuildConfiguration section */
		211C6BB61DC80B930060A6F6 /* Debug */ = {
			isa = XCBuildConfiguration;
			buildSettings = {
				ALWAYS_SEARCH_USER_PATHS = NO;
				CLANG_ANALYZER_NONNULL = YES;
				CLANG_CXX_LANGUAGE_STANDARD = "gnu++0x";
				CLANG_CXX_LIBRARY = "libc++";
				CLANG_ENABLE_MODULES = YES;
				CLANG_ENABLE_OBJC_ARC = YES;
				CLANG_WARN_BOOL_CONVERSION = YES;
				CLANG_WARN_CONSTANT_CONVERSION = YES;
				CLANG_WARN_DIRECT_OBJC_ISA_USAGE = YES_ERROR;
				CLANG_WARN_DOCUMENTATION_COMMENTS = YES;
				CLANG_WARN_EMPTY_BODY = YES;
				CLANG_WARN_ENUM_CONVERSION = YES;
				CLANG_WARN_INFINITE_RECURSION = YES;
				CLANG_WARN_INT_CONVERSION = YES;
				CLANG_WARN_OBJC_ROOT_CLASS = YES_ERROR;
				CLANG_WARN_SUSPICIOUS_MOVES = YES;
				CLANG_WARN_UNREACHABLE_CODE = YES;
				CLANG_WARN__DUPLICATE_METHOD_MATCH = YES;
				"CODE_SIGN_IDENTITY[sdk=iphoneos*]" = "iPhone Developer";
				COPY_PHASE_STRIP = NO;
				DEBUG_INFORMATION_FORMAT = dwarf;
				ENABLE_STRICT_OBJC_MSGSEND = YES;
				ENABLE_TESTABILITY = YES;
				GCC_C_LANGUAGE_STANDARD = gnu99;
				GCC_DYNAMIC_NO_PIC = NO;
				GCC_NO_COMMON_BLOCKS = YES;
				GCC_OPTIMIZATION_LEVEL = 0;
				GCC_PREPROCESSOR_DEFINITIONS = (
					"DEBUG=1",
					"$(inherited)",
				);
				GCC_WARN_64_TO_32_BIT_CONVERSION = YES;
				GCC_WARN_ABOUT_RETURN_TYPE = YES_ERROR;
				GCC_WARN_UNDECLARED_SELECTOR = YES;
				GCC_WARN_UNINITIALIZED_AUTOS = YES_AGGRESSIVE;
				GCC_WARN_UNUSED_FUNCTION = YES;
				GCC_WARN_UNUSED_VARIABLE = YES;
				IPHONEOS_DEPLOYMENT_TARGET = 10.1;
				MTL_ENABLE_DEBUG_INFO = YES;
				ONLY_ACTIVE_ARCH = YES;
				SDKROOT = iphoneos;
				SWIFT_ACTIVE_COMPILATION_CONDITIONS = DEBUG;
				SWIFT_OPTIMIZATION_LEVEL = "-Onone";
				TARGETED_DEVICE_FAMILY = "1,2";
			};
			name = Debug;
		};
		211C6BB71DC80B930060A6F6 /* Release */ = {
			isa = XCBuildConfiguration;
			buildSettings = {
				ALWAYS_SEARCH_USER_PATHS = NO;
				CLANG_ANALYZER_NONNULL = YES;
				CLANG_CXX_LANGUAGE_STANDARD = "gnu++0x";
				CLANG_CXX_LIBRARY = "libc++";
				CLANG_ENABLE_MODULES = YES;
				CLANG_ENABLE_OBJC_ARC = YES;
				CLANG_WARN_BOOL_CONVERSION = YES;
				CLANG_WARN_CONSTANT_CONVERSION = YES;
				CLANG_WARN_DIRECT_OBJC_ISA_USAGE = YES_ERROR;
				CLANG_WARN_DOCUMENTATION_COMMENTS = YES;
				CLANG_WARN_EMPTY_BODY = YES;
				CLANG_WARN_ENUM_CONVERSION = YES;
				CLANG_WARN_INFINITE_RECURSION = YES;
				CLANG_WARN_INT_CONVERSION = YES;
				CLANG_WARN_OBJC_ROOT_CLASS = YES_ERROR;
				CLANG_WARN_SUSPICIOUS_MOVES = YES;
				CLANG_WARN_UNREACHABLE_CODE = YES;
				CLANG_WARN__DUPLICATE_METHOD_MATCH = YES;
				"CODE_SIGN_IDENTITY[sdk=iphoneos*]" = "iPhone Developer";
				COPY_PHASE_STRIP = NO;
				DEBUG_INFORMATION_FORMAT = "dwarf-with-dsym";
				ENABLE_NS_ASSERTIONS = NO;
				ENABLE_STRICT_OBJC_MSGSEND = YES;
				GCC_C_LANGUAGE_STANDARD = gnu99;
				GCC_NO_COMMON_BLOCKS = YES;
				GCC_WARN_64_TO_32_BIT_CONVERSION = YES;
				GCC_WARN_ABOUT_RETURN_TYPE = YES_ERROR;
				GCC_WARN_UNDECLARED_SELECTOR = YES;
				GCC_WARN_UNINITIALIZED_AUTOS = YES_AGGRESSIVE;
				GCC_WARN_UNUSED_FUNCTION = YES;
				GCC_WARN_UNUSED_VARIABLE = YES;
				IPHONEOS_DEPLOYMENT_TARGET = 10.1;
				MTL_ENABLE_DEBUG_INFO = NO;
				SDKROOT = iphoneos;
				SWIFT_OPTIMIZATION_LEVEL = "-Owholemodule";
				TARGETED_DEVICE_FAMILY = "1,2";
				VALIDATE_PRODUCT = YES;
			};
			name = Release;
		};
		211C6BB91DC80B930060A6F6 /* Debug */ = {
			isa = XCBuildConfiguration;
			buildSettings = {
				ASSETCATALOG_COMPILER_APPICON_NAME = AppIcon;
				DEVELOPMENT_TEAM = 5X797H77ZY;
				INFOPLIST_FILE = budgeting/Info.plist;
				IPHONEOS_DEPLOYMENT_TARGET = 9.0;
				LD_RUNPATH_SEARCH_PATHS = "$(inherited) @executable_path/Frameworks";
				PRODUCT_BUNDLE_IDENTIFIER = com.realityla.budgeting;
				PRODUCT_NAME = "$(TARGET_NAME)";
				SWIFT_VERSION = 3.0;
			};
			name = Debug;
		};
		211C6BBA1DC80B930060A6F6 /* Release */ = {
			isa = XCBuildConfiguration;
			buildSettings = {
				ASSETCATALOG_COMPILER_APPICON_NAME = AppIcon;
				DEVELOPMENT_TEAM = 5X797H77ZY;
				INFOPLIST_FILE = budgeting/Info.plist;
				IPHONEOS_DEPLOYMENT_TARGET = 9.0;
				LD_RUNPATH_SEARCH_PATHS = "$(inherited) @executable_path/Frameworks";
				PRODUCT_BUNDLE_IDENTIFIER = com.realityla.budgeting;
				PRODUCT_NAME = "$(TARGET_NAME)";
				SWIFT_VERSION = 3.0;
			};
			name = Release;
		};
/* End XCBuildConfiguration section */

/* Begin XCConfigurationList section */
		211C6BA11DC80B930060A6F6 /* Build configuration list for PBXProject "budgeting" */ = {
			isa = XCConfigurationList;
			buildConfigurations = (
				211C6BB61DC80B930060A6F6 /* Debug */,
				211C6BB71DC80B930060A6F6 /* Release */,
			);
			defaultConfigurationIsVisible = 0;
			defaultConfigurationName = Release;
		};
		211C6BB81DC80B930060A6F6 /* Build configuration list for PBXNativeTarget "budgeting" */ = {
			isa = XCConfigurationList;
			buildConfigurations = (
				211C6BB91DC80B930060A6F6 /* Debug */,
				211C6BBA1DC80B930060A6F6 /* Release */,
			);
			defaultConfigurationIsVisible = 0;
			defaultConfigurationName = Release;
		};
/* End XCConfigurationList section */
	};
	rootObject = 211C6B9E1DC80B930060A6F6 /* Project object */;
}
